
Microsoft Visual Studio Solution File, Format Version 12.00
# Visual Studio Version 17
VisualStudioVersion = 17.0.32112.339
MinimumVisualStudioVersion = 10.0.40219.1
Project("{FAE04EC0-301F-11D3-BF4B-00C04F79EFBC}") = "VEE_app", "VEE_app\VEE_app.csproj", "{A3829A25-6604-496E-AC3E-6667DF6EC823}"
EndProject
Global
	GlobalSection(SolutionConfigurationPlatforms) = preSolution
		Debug|Any CPU = Debug|Any CPU
		Release|Any CPU = Release|Any CPU
	EndGlobalSection
	GlobalSection(ProjectConfigurationPlatforms) = postSolution
		{A3829A25-6604-496E-AC3E-6667DF6EC823}.Debug|Any CPU.ActiveCfg = Debug|Any CPU
		{A3829A25-6604-496E-AC3E-6667DF6EC823}.Debug|Any CPU.Build.0 = Debug|Any CPU
		{A3829A25-6604-496E-AC3E-6667DF6EC823}.Release|Any CPU.ActiveCfg = Release|Any CPU
		{A3829A25-6604-496E-AC3E-6667DF6EC823}.Release|Any CPU.Build.0 = Release|Any CPU
	EndGlobalSection
	GlobalSection(SolutionProperties) = preSolution
		HideSolutionNode = FALSE
	EndGlobalSection
	GlobalSection(ExtensibilityGlobals) = postSolution
		SolutionGuid = {4B336A59-CB37-4274-B6A3-8E0C3E7C1C1E}
	EndGlobalSection
EndGlobal
